
Microsoft Visual Studio Solution File, Format Version 12.00
# Visual Studio Version 17
VisualStudioVersion = 17.9.34728.123
MinimumVisualStudioVersion = 10.0.40219.1
Project("{FAE04EC0-301F-11D3-BF4B-00C04F79EFBC}") = "htmlAspBegin", "htmlAspBegin\htmlAspBegin.csproj", "{07DA01EA-06DD-4BEE-92BD-A2C0B98CB424}"
EndProject
Global
	GlobalSection(SolutionConfigurationPlatforms) = preSolution
		Debug|Any CPU = Debug|Any CPU
		Release|Any CPU = Release|Any CPU
	EndGlobalSection
	GlobalSection(ProjectConfigurationPlatforms) = postSolution
		{07DA01EA-06DD-4BEE-92BD-A2C0B98CB424}.Debug|Any CPU.ActiveCfg = Debug|Any CPU
		{07DA01EA-06DD-4BEE-92BD-A2C0B98CB424}.Debug|Any CPU.Build.0 = Debug|Any CPU
		{07DA01EA-06DD-4BEE-92BD-A2C0B98CB424}.Release|Any CPU.ActiveCfg = Release|Any CPU
		{07DA01EA-06DD-4BEE-92BD-A2C0B98CB424}.Release|Any CPU.Build.0 = Release|Any CPU
	EndGlobalSection
	GlobalSection(SolutionProperties) = preSolution
		HideSolutionNode = FALSE
	EndGlobalSection
	GlobalSection(ExtensibilityGlobals) = postSolution
		SolutionGuid = {4ABA3B18-B337-4BEC-B87E-836664A1282D}
	EndGlobalSection
EndGlobal
